{
  "name": "web",
  "version": "1.0.0",
  "lockfileVersion": 3,
  "requires": true,
  "packages": {
    "": {
      "name": "web",
      "version": "1.0.0",
      "license": "ISC",
      "dependencies": {
        "@revolist/revogrid": "^4.11.5",
        "bespoke": "^1.1.0"
      }
    },
    "node_modules/@revolist/revogrid": {
      "version": "4.11.5",
      "resolved": "https://registry.npmjs.org/@revolist/revogrid/-/revogrid-4.11.5.tgz",
      "integrity": "sha512-InnTC1mnYrmxp16a/eIwG/+gjz9tWrWTeFgmyqHxLcIbNwOe8IbeSVpE147Qth8ryitgXhR+SBKRrEjykekTFg==",
      "license": "MIT"
    },
    "node_modules/bespoke": {
      "version": "1.1.0",
      "resolved": "https://registry.npmjs.org/bespoke/-/bespoke-1.1.0.tgz",
      "integrity": "sha512-jY5de6p2p3ei3/EchehpQCW8VOYNwI1v2paUm9DeW63913zwUrcZRS2Ao2CiCJQNX3Ko0kNrKwQMIsG2PjQVUg==",
      "engines": {
        "node": ">= 0.10.0"
      }
    }
  }
}
